
Microsoft Visual Studio Solution File, Format Version 12.00
# Visual Studio Version 17
VisualStudioVersion = 17.8.34408.163
MinimumVisualStudioVersion = 10.0.40219.1
Project("{FAE04EC0-301F-11D3-BF4B-00C04F79EFBC}") = "TicketsChain", "TicketsChain\TicketsChain.csproj", "{57883E52-0BC6-4724-B7A8-E25F199F3DF7}"
EndProject
Global
	GlobalSection(SolutionConfigurationPlatforms) = preSolution
		Debug|Any CPU = Debug|Any CPU
		Release|Any CPU = Release|Any CPU
	EndGlobalSection
	GlobalSection(ProjectConfigurationPlatforms) = postSolution
		{57883E52-0BC6-4724-B7A8-E25F199F3DF7}.Debug|Any CPU.ActiveCfg = Debug|Any CPU
		{57883E52-0BC6-4724-B7A8-E25F199F3DF7}.Debug|Any CPU.Build.0 = Debug|Any CPU
		{57883E52-0BC6-4724-B7A8-E25F199F3DF7}.Release|Any CPU.ActiveCfg = Release|Any CPU
		{57883E52-0BC6-4724-B7A8-E25F199F3DF7}.Release|Any CPU.Build.0 = Release|Any CPU
	EndGlobalSection
	GlobalSection(SolutionProperties) = preSolution
		HideSolutionNode = FALSE
	EndGlobalSection
	GlobalSection(ExtensibilityGlobals) = postSolution
		SolutionGuid = {2A5DBE9B-D440-4837-9B6C-944660359509}
	EndGlobalSection
EndGlobal
